
Microsoft Visual Studio Solution File, Format Version 12.00
# Visual Studio Version 16
VisualStudioVersion = 16.0.30804.86
MinimumVisualStudioVersion = 10.0.40219.1
Project("{8BC9CEB8-8B4A-11D0-8D11-00A0C91BC942}") = "Project2", "Project2.vcxproj", "{FB1A8DC1-8EDF-469D-8DB1-3A2414830D0E}"
EndProject
Global
	GlobalSection(SolutionConfigurationPlatforms) = preSolution
		Debug|x64 = Debug|x64
		Debug|x86 = Debug|x86
		Release|x64 = Release|x64
		Release|x86 = Release|x86
	EndGlobalSection
	GlobalSection(ProjectConfigurationPlatforms) = postSolution
		{FB1A8DC1-8EDF-469D-8DB1-3A2414830D0E}.Debug|x64.ActiveCfg = Debug|x64
		{FB1A8DC1-8EDF-469D-8DB1-3A2414830D0E}.Debug|x64.Build.0 = Debug|x64
		{FB1A8DC1-8EDF-469D-8DB1-3A2414830D0E}.Debug|x86.ActiveCfg = Debug|Win32
		{FB1A8DC1-8EDF-469D-8DB1-3A2414830D0E}.Debug|x86.Build.0 = Debug|Win32
		{FB1A8DC1-8EDF-469D-8DB1-3A2414830D0E}.Release|x64.ActiveCfg = Release|x64
		{FB1A8DC1-8EDF-469D-8DB1-3A2414830D0E}.Release|x64.Build.0 = Release|x64
		{FB1A8DC1-8EDF-469D-8DB1-3A2414830D0E}.Release|x86.ActiveCfg = Release|Win32
		{FB1A8DC1-8EDF-469D-8DB1-3A2414830D0E}.Release|x86.Build.0 = Release|Win32
	EndGlobalSection
	GlobalSection(SolutionProperties) = preSolution
		HideSolutionNode = FALSE
	EndGlobalSection
	GlobalSection(ExtensibilityGlobals) = postSolution
		SolutionGuid = {CE8A279D-1914-4573-B5DE-9D5FB7DEDBF7}
	EndGlobalSection
EndGlobal
